<?xml version="1.0" encoding="utf-8"?>
<Project ToolsVersion="4.0" xmlns="http://schemas.microsoft.com/developer/msbuild/2003">
  <ItemGroup>
    <ClCompile Include="main.cpp" />
    <ClCompile Include="Nbk.cpp" />
    <ClCompile Include="System\SysClock.cpp">
      <Filter>System</Filter>
    </ClCompile>
    <ClCompile Include="System\SysCPU.cpp">
      <Filter>System</Filter>
    </ClCompile>
    <ClCompile Include="System\SysSettings.cpp">
      <Filter>System</Filter>
    </ClCompile>
    <ClCompile Include="System\SysThread.cpp">
      <Filter>System</Filter>
    </ClCompile>
    <ClCompile Include="System\Win\SysMessage.cpp">
      <Filter>System\Win</Filter>
    </ClCompile>
    <ClCompile Include="Network\Network.cpp">
      <Filter>Network</Filter>
    </ClCompile>
    <ClCompile Include="Network\IPAddress.cpp">
      <Filter>Network</Filter>
    </ClCompile>
    <ClCompile Include="Network\TCPSocket.cpp">
      <Filter>Network</Filter>
    </ClCompile>
    <ClCompile Include="Network\UDPSocket.cpp">
      <Filter>Network</Filter>
    </ClCompile>
    <ClCompile Include="Stdlib\Console.cpp">
      <Filter>Stdlib</Filter>
    </ClCompile>
    <ClCompile Include="Physics\Collision2.cpp">
      <Filter>Physics</Filter>
    </ClCompile>
    <ClCompile Include="Physics\MatrixChunk2.cpp">
      <Filter>Physics</Filter>
    </ClCompile>
    <ClCompile Include="Physics\MatrixStream2.cpp">
      <Filter>Physics</Filter>
    </ClCompile>
    <ClCompile Include="Physics\Physics.cpp">
      <Filter>Physics</Filter>
    </ClCompile>
    <ClCompile Include="Physics\PhysicsTransform2.cpp">
      <Filter>Physics</Filter>
    </ClCompile>
    <ClCompile Include="Physics\PhysicsTransform3.cpp">
      <Filter>Physics</Filter>
    </ClCompile>
    <ClCompile Include="Physics\BoundingSurfaces\BoundingAlignRect.cpp">
      <Filter>Physics\BoundingSurfaces</Filter>
    </ClCompile>
    <ClCompile Include="Physics\BoundingSurfaces\BoundingCircle.cpp">
      <Filter>Physics\BoundingSurfaces</Filter>
    </ClCompile>
    <ClCompile Include="Physics\BoundingSurfaces\BoundingRect.cpp">
      <Filter>Physics\BoundingSurfaces</Filter>
    </ClCompile>
    <ClCompile Include="Softwares\Softwares.cpp">
      <Filter>Softwares</Filter>
    </ClCompile>
    <ClCompile Include="Resources\MatrixColLoader.cpp">
      <Filter>Resources</Filter>
    </ClCompile>
    <ClCompile Include="Resources\Resources.cpp">
      <Filter>Resources</Filter>
    </ClCompile>
    <ClCompile Include="System\SysMemory.cpp">
      <Filter>System</Filter>
    </ClCompile>
  </ItemGroup>
  <ItemGroup>
    <ClInclude Include="Nbk.h" />
    <ClInclude Include="System\SysClock.h">
      <Filter>System</Filter>
    </ClInclude>
    <ClInclude Include="System\SysCPU.h">
      <Filter>System</Filter>
    </ClInclude>
    <ClInclude Include="System\SysCRC.h">
      <Filter>System</Filter>
    </ClInclude>
    <ClInclude Include="System\SysMessage.h">
      <Filter>System</Filter>
    </ClInclude>
    <ClInclude Include="System\SysMutex.h">
      <Filter>System</Filter>
    </ClInclude>
    <ClInclude Include="System\SysMutexLocker.h">
      <Filter>System</Filter>
    </ClInclude>
    <ClInclude Include="System\SysSettings.h">
      <Filter>System</Filter>
    </ClInclude>
    <ClInclude Include="System\SysSleep.h">
      <Filter>System</Filter>
    </ClInclude>
    <ClInclude Include="System\System.h">
      <Filter>System</Filter>
    </ClInclude>
    <ClInclude Include="System\SysThread.h">
      <Filter>System</Filter>
    </ClInclude>
    <ClInclude Include="System\Win\SysCPU.h">
      <Filter>System\Win</Filter>
    </ClInclude>
    <ClInclude Include="System\Win\SysMessage.h">
      <Filter>System\Win</Filter>
    </ClInclude>
    <ClInclude Include="Math\Math.h">
      <Filter>Math</Filter>
    </ClInclude>
    <ClInclude Include="Math\Matrix4x4.h">
      <Filter>Math</Filter>
    </ClInclude>
    <ClInclude Include="Math\MultiInt.h">
      <Filter>Math</Filter>
    </ClInclude>
    <ClInclude Include="Math\Transform2.h">
      <Filter>Math</Filter>
    </ClInclude>
    <ClInclude Include="Math\Transform3.h">
      <Filter>Math</Filter>
    </ClInclude>
    <ClInclude Include="Math\Vector2.h">
      <Filter>Math</Filter>
    </ClInclude>
    <ClInclude Include="Math\Vector2i.h">
      <Filter>Math</Filter>
    </ClInclude>
    <ClInclude Include="Math\Vector3.h">
      <Filter>Math</Filter>
    </ClInclude>
    <ClInclude Include="Math\Vector3i.h">
      <Filter>Math</Filter>
    </ClInclude>
    <ClInclude Include="Math\Vector4.h">
      <Filter>Math</Filter>
    </ClInclude>
    <ClInclude Include="Math\Vector4i.h">
      <Filter>Math</Filter>
    </ClInclude>
    <ClInclude Include="Network\Network.h">
      <Filter>Network</Filter>
    </ClInclude>
    <ClInclude Include="Network\IPAddress.h">
      <Filter>Network</Filter>
    </ClInclude>
    <ClInclude Include="Network\TCPSocket.h">
      <Filter>Network</Filter>
    </ClInclude>
    <ClInclude Include="Network\UDPSocket.h">
      <Filter>Network</Filter>
    </ClInclude>
    <ClInclude Include="Stdlib\String.h">
      <Filter>Stdlib</Filter>
    </ClInclude>
    <ClInclude Include="Stdlib\StringLib.h">
      <Filter>Stdlib</Filter>
    </ClInclude>
    <ClInclude Include="Stdlib\Console.h">
      <Filter>Stdlib</Filter>
    </ClInclude>
    <ClInclude Include="Stdlib\File.h">
      <Filter>Stdlib</Filter>
    </ClInclude>
    <ClInclude Include="Physics\Collision2.h">
      <Filter>Physics</Filter>
    </ClInclude>
    <ClInclude Include="Physics\MatrixChunk2.h">
      <Filter>Physics</Filter>
    </ClInclude>
    <ClInclude Include="Physics\MatrixStream2.h">
      <Filter>Physics</Filter>
    </ClInclude>
    <ClInclude Include="Physics\Physics.h">
      <Filter>Physics</Filter>
    </ClInclude>
    <ClInclude Include="Physics\PhysicsTransform2.h">
      <Filter>Physics</Filter>
    </ClInclude>
    <ClInclude Include="Physics\PhysicsTransform3.h">
      <Filter>Physics</Filter>
    </ClInclude>
    <ClInclude Include="Physics\BoundingSurfaces\BoundingAlignRect.h">
      <Filter>Physics\BoundingSurfaces</Filter>
    </ClInclude>
    <ClInclude Include="Physics\BoundingSurfaces\BoundingCircle.h">
      <Filter>Physics\BoundingSurfaces</Filter>
    </ClInclude>
    <ClInclude Include="Physics\BoundingSurfaces\BoundingRect.h">
      <Filter>Physics\BoundingSurfaces</Filter>
    </ClInclude>
    <ClInclude Include="Math\Sinus.h">
      <Filter>Math</Filter>
    </ClInclude>
    <ClInclude Include="Softwares\Softwares.h">
      <Filter>Softwares</Filter>
    </ClInclude>
    <ClInclude Include="Resources\MatrixColLoader.h">
      <Filter>Resources</Filter>
    </ClInclude>
    <ClInclude Include="Resources\Resources.h">
      <Filter>Resources</Filter>
    </ClInclude>
    <ClInclude Include="System\SysMemory.h">
      <Filter>System</Filter>
    </ClInclude>
  </ItemGroup>
  <ItemGroup>
    <Filter Include="System">
      <UniqueIdentifier>{c9e960e5-c2b3-4b91-8081-e944490856a1}</UniqueIdentifier>
    </Filter>
    <Filter Include="System\Win">
      <UniqueIdentifier>{b4b3544b-c538-49a1-b727-14aca8b7d7bd}</UniqueIdentifier>
    </Filter>
    <Filter Include="Math">
      <UniqueIdentifier>{94f3a280-3e44-4884-9628-461764b055ad}</UniqueIdentifier>
    </Filter>
    <Filter Include="Network">
      <UniqueIdentifier>{ca6d8d56-2aee-4680-ac95-e30b591d6fee}</UniqueIdentifier>
    </Filter>
    <Filter Include="Stdlib">
      <UniqueIdentifier>{142f4ec3-28e7-43eb-9999-2e5cea98cfa9}</UniqueIdentifier>
    </Filter>
    <Filter Include="Physics">
      <UniqueIdentifier>{fd628d81-9b59-4909-b85a-c763108e8ac3}</UniqueIdentifier>
    </Filter>
    <Filter Include="Physics\BoundingSurfaces">
      <UniqueIdentifier>{f2d7fe5a-9230-449d-af0b-ac61ae9326cb}</UniqueIdentifier>
    </Filter>
    <Filter Include="Softwares">
      <UniqueIdentifier>{e3567139-3ef6-4ee1-a6e3-32e9a6311217}</UniqueIdentifier>
    </Filter>
    <Filter Include="Resources">
      <UniqueIdentifier>{7d0359f2-fe45-4ef7-b752-56eb1929a05d}</UniqueIdentifier>
    </Filter>
  </ItemGroup>
</Project>